
Microsoft Visual Studio Solution File, Format Version 12.00
# Visual Studio 14
VisualStudioVersion = 14.0.25420.1
MinimumVisualStudioVersion = 10.0.40219.1
Project("{FAE04EC0-301F-11D3-BF4B-00C04F79EFBC}") = "WindowsForms_curso1", "WindowsForms_curso1\WindowsForms_curso1.csproj", "{4AE453A6-AB3F-4F94-8F8B-3E0DE761867E}"
EndProject
Global
	GlobalSection(SolutionConfigurationPlatforms) = preSolution
		Debug|Any CPU = Debug|Any CPU
		Release|Any CPU = Release|Any CPU
	EndGlobalSection
	GlobalSection(ProjectConfigurationPlatforms) = postSolution
		{4AE453A6-AB3F-4F94-8F8B-3E0DE761867E}.Debug|Any CPU.ActiveCfg = Debug|Any CPU
		{4AE453A6-AB3F-4F94-8F8B-3E0DE761867E}.Debug|Any CPU.Build.0 = Debug|Any CPU
		{4AE453A6-AB3F-4F94-8F8B-3E0DE761867E}.Release|Any CPU.ActiveCfg = Release|Any CPU
		{4AE453A6-AB3F-4F94-8F8B-3E0DE761867E}.Release|Any CPU.Build.0 = Release|Any CPU
	EndGlobalSection
	GlobalSection(SolutionProperties) = preSolution
		HideSolutionNode = FALSE
	EndGlobalSection
EndGlobal
